// !$*UTF8*$!
{
	archiveVersion = 1;
	classes = {
	};
	objectVersion = 46;
	objects = {

/* Begin PBXBuildFile section */
		C90124F71B4170C70092BA97 /* main.cpp in Sources */ = {isa = PBXBuildFile; fileRef = C90124F61B4170C70092BA97 /* main.cpp */; };
		C90125001B4172D20092BA97 /* en_2048.cpp in Sources */ = {isa = PBXBuildFile; fileRef = C90124FE1B4172D20092BA97 /* en_2048.cpp */; };
/* End PBXBuildFile section */

/* Begin PBXCopyFilesBuildPhase section */
		C90124F11B4170C70092BA97 /* CopyFiles */ = {
			isa = PBXCopyFilesBuildPhase;
			buildActionMask = 2147483647;
			dstPath = /usr/share/man/man1/;
			dstSubfolderSpec = 0;
			files = (
			);
			runOnlyForDeploymentPostprocessing = 1;
		};
/* End PBXCopyFilesBuildPhase section */

/* Begin PBXFileReference section */
		C90124F31B4170C70092BA97 /* heuristic_2048 */ = {isa = PBXFileReference; explicitFileType = "compiled.mach-o.executable"; includeInIndex = 0; path = heuristic_2048; sourceTree = BUILT_PRODUCTS_DIR; };
		C90124F61B4170C70092BA97 /* main.cpp */ = {isa = PBXFileReference; lastKnownFileType = sourcecode.cpp.cpp; path = main.cpp; sourceTree = "<group>"; };
		C90124FE1B4172D20092BA97 /* en_2048.cpp */ = {isa = PBXFileReference; fileEncoding = 4; lastKnownFileType = sourcecode.cpp.cpp; path = en_2048.cpp; sourceTree = "<group>"; };
		C90124FF1B4172D20092BA97 /* en_2048.h */ = {isa = PBXFileReference; fileEncoding = 4; lastKnownFileType = sourcecode.c.h; path = en_2048.h; sourceTree = "<group>"; };
/* End PBXFileReference section */

/* Begin PBXFrameworksBuildPhase section */
		C90124F01B4170C70092BA97 /* Frameworks */ = {
			isa = PBXFrameworksBuildPhase;
			buildActionMask = 2147483647;
			files = (
			);
			runOnlyForDeploymentPostprocessing = 0;
		};
/* End PBXFrameworksBuildPhase section */

/* Begin PBXGroup section */
		C90124EA1B4170C70092BA97 = {
			isa = PBXGroup;
			children = (
				C90124F51B4170C70092BA97 /* heuristic_2048 */,
				C90124F41B4170C70092BA97 /* Products */,
			);
			sourceTree = "<group>";
		};
		C90124F41B4170C70092BA97 /* Products */ = {
			isa = PBXGroup;
			children = (
				C90124F31B4170C70092BA97 /* heuristic_2048 */,
			);
			name = Products;
			sourceTree = "<group>";
		};
		C90124F51B4170C70092BA97 /* heuristic_2048 */ = {
			isa = PBXGroup;
			children = (
				C90124F61B4170C70092BA97 /* main.cpp */,
				C90124FE1B4172D20092BA97 /* en_2048.cpp */,
				C90124FF1B4172D20092BA97 /* en_2048.h */,
			);
			path = heuristic_2048;
			sourceTree = "<group>";
		};
/* End PBXGroup section */

/* Begin PBXNativeTarget section */
		C90124F21B4170C70092BA97 /* heuristic_2048 */ = {
			isa = PBXNativeTarget;
			buildConfigurationList = C90124FA1B4170C70092BA97 /* Build configuration list for PBXNativeTarget "heuristic_2048" */;
			buildPhases = (
				C90124EF1B4170C70092BA97 /* Sources */,
				C90124F01B4170C70092BA97 /* Frameworks */,
				C90124F11B4170C70092BA97 /* CopyFiles */,
			);
			buildRules = (
			);
			dependencies = (
			);
			name = heuristic_2048;
			productName = heuristic_2048;
			productReference = C90124F31B4170C70092BA97 /* heuristic_2048 */;
			productType = "com.apple.product-type.tool";
		};
/* End PBXNativeTarget section */

/* Begin PBXProject section */
		C90124EB1B4170C70092BA97 /* Project object */ = {
			isa = PBXProject;
			attributes = {
				LastUpgradeCheck = 0610;
				ORGANIZATIONNAME = Mirai;
				TargetAttributes = {
					C90124F21B4170C70092BA97 = {
						CreatedOnToolsVersion = 6.1.1;
					};
				};
			};
			buildConfigurationList = C90124EE1B4170C70092BA97 /* Build configuration list for PBXProject "heuristic_2048" */;
			compatibilityVersion = "Xcode 3.2";
			developmentRegion = English;
			hasScannedForEncodings = 0;
			knownRegions = (
				en,
			);
			mainGroup = C90124EA1B4170C70092BA97;
			productRefGroup = C90124F41B4170C70092BA97 /* Products */;
			projectDirPath = "";
			projectRoot = "";
			targets = (
				C90124F21B4170C70092BA97 /* heuristic_2048 */,
			);
		};
/* End PBXProject section */

/* Begin PBXSourcesBuildPhase section */
		C90124EF1B4170C70092BA97 /* Sources */ = {
			isa = PBXSourcesBuildPhase;
			buildActionMask = 2147483647;
			files = (
				C90125001B4172D20092BA97 /* en_2048.cpp in Sources */,
				C90124F71B4170C70092BA97 /* main.cpp in Sources */,
			);
			runOnlyForDeploymentPostprocessing = 0;
		};
/* End PBXSourcesBuildPhase section */

/* Begin XCBuildConfiguration section */
		C90124F81B4170C70092BA97 /* Debug */ = {
			isa = XCBuildConfiguration;
			buildSettings = {
				ALWAYS_SEARCH_USER_PATHS = NO;
				CLANG_CXX_LANGUAGE_STANDARD = "gnu++0x";
				CLANG_CXX_LIBRARY = "libc++";
				CLANG_ENABLE_MODULES = YES;
				CLANG_ENABLE_OBJC_ARC = YES;
				CLANG_WARN_BOOL_CONVERSION = YES;
				CLANG_WARN_CONSTANT_CONVERSION = YES;
				CLANG_WARN_DIRECT_OBJC_ISA_USAGE = YES_ERROR;
				CLANG_WARN_EMPTY_BODY = YES;
				CLANG_WARN_ENUM_CONVERSION = YES;
				CLANG_WARN_INT_CONVERSION = YES;
				CLANG_WARN_OBJC_ROOT_CLASS = YES_ERROR;
				CLANG_WARN_UNREACHABLE_CODE = YES;
				CLANG_WARN__DUPLICATE_METHOD_MATCH = YES;
				COPY_PHASE_STRIP = NO;
				ENABLE_STRICT_OBJC_MSGSEND = YES;
				GCC_C_LANGUAGE_STANDARD = gnu99;
				GCC_DYNAMIC_NO_PIC = NO;
				GCC_OPTIMIZATION_LEVEL = 0;
				GCC_PREPROCESSOR_DEFINITIONS = (
					"DEBUG=1",
					"$(inherited)",
				);
				GCC_SYMBOLS_PRIVATE_EXTERN = NO;
				GCC_WARN_64_TO_32_BIT_CONVERSION = YES;
				GCC_WARN_ABOUT_RETURN_TYPE = YES_ERROR;
				GCC_WARN_UNDECLARED_SELECTOR = YES;
				GCC_WARN_UNINITIALIZED_AUTOS = YES_AGGRESSIVE;
				GCC_WARN_UNUSED_FUNCTION = YES;
				GCC_WARN_UNUSED_VARIABLE = YES;
				MACOSX_DEPLOYMENT_TARGET = 10.10;
				MTL_ENABLE_DEBUG_INFO = YES;
				ONLY_ACTIVE_ARCH = YES;
				SDKROOT = macosx;
			};
			name = Debug;
		};
		C90124F91B4170C70092BA97 /* Release */ = {
			isa = XCBuildConfiguration;
			buildSettings = {
				ALWAYS_SEARCH_USER_PATHS = NO;
				CLANG_CXX_LANGUAGE_STANDARD = "gnu++0x";
				CLANG_CXX_LIBRARY = "libc++";
				CLANG_ENABLE_MODULES = YES;
				CLANG_ENABLE_OBJC_ARC = YES;
				CLANG_WARN_BOOL_CONVERSION = YES;
				CLANG_WARN_CONSTANT_CONVERSION = YES;
				CLANG_WARN_DIRECT_OBJC_ISA_USAGE = YES_ERROR;
				CLANG_WARN_EMPTY_BODY = YES;
				CLANG_WARN_ENUM_CONVERSION = YES;
				CLANG_WARN_INT_CONVERSION = YES;
				CLANG_WARN_OBJC_ROOT_CLASS = YES_ERROR;
				CLANG_WARN_UNREACHABLE_CODE = YES;
				CLANG_WARN__DUPLICATE_METHOD_MATCH = YES;
				COPY_PHASE_STRIP = YES;
				DEBUG_INFORMATION_FORMAT = "dwarf-with-dsym";
				ENABLE_NS_ASSERTIONS = NO;
				ENABLE_STRICT_OBJC_MSGSEND = YES;
				GCC_C_LANGUAGE_STANDARD = gnu99;
				GCC_WARN_64_TO_32_BIT_CONVERSION = YES;
				GCC_WARN_ABOUT_RETURN_TYPE = YES_ERROR;
				GCC_WARN_UNDECLARED_SELECTOR = YES;
				GCC_WARN_UNINITIALIZED_AUTOS = YES_AGGRESSIVE;
				GCC_WARN_UNUSED_FUNCTION = YES;
				GCC_WARN_UNUSED_VARIABLE = YES;
				MACOSX_DEPLOYMENT_TARGET = 10.10;
				MTL_ENABLE_DEBUG_INFO = NO;
				SDKROOT = macosx;
			};
			name = Release;
		};
		C90124FB1B4170C70092BA97 /* Debug */ = {
			isa = XCBuildConfiguration;
			buildSettings = {
				PRODUCT_NAME = "$(TARGET_NAME)";
			};
			name = Debug;
		};
		C90124FC1B4170C70092BA97 /* Release */ = {
			isa = XCBuildConfiguration;
			buildSettings = {
				PRODUCT_NAME = "$(TARGET_NAME)";
			};
			name = Release;
		};
/* End XCBuildConfiguration section */

/* Begin XCConfigurationList section */
		C90124EE1B4170C70092BA97 /* Build configuration list for PBXProject "heuristic_2048" */ = {
			isa = XCConfigurationList;
			buildConfigurations = (
				C90124F81B4170C70092BA97 /* Debug */,
				C90124F91B4170C70092BA97 /* Release */,
			);
			defaultConfigurationIsVisible = 0;
			defaultConfigurationName = Release;
		};
		C90124FA1B4170C70092BA97 /* Build configuration list for PBXNativeTarget "heuristic_2048" */ = {
			isa = XCConfigurationList;
			buildConfigurations = (
				C90124FB1B4170C70092BA97 /* Debug */,
				C90124FC1B4170C70092BA97 /* Release */,
			);
			defaultConfigurationIsVisible = 0;
		};
/* End XCConfigurationList section */
	};
	rootObject = C90124EB1B4170C70092BA97 /* Project object */;
}
